// !$*UTF8*$!
{
	archiveVersion = 1;
	classes = {
	};
	objectVersion = 46;
	objects = {

/* Begin PBXBuildFile section */
		334F82B51ABC93A800718AD0 /* WikipediaViewController.m in Sources */ = {isa = PBXBuildFile; fileRef = 334F82B41ABC93A800718AD0 /* WikipediaViewController.m */; };
		33F496D11ABC7E4B0027BAF1 /* main.m in Sources */ = {isa = PBXBuildFile; fileRef = 33F496D01ABC7E4B0027BAF1 /* main.m */; };
		33F496D41ABC7E4B0027BAF1 /* AppDelegate.m in Sources */ = {isa = PBXBuildFile; fileRef = 33F496D31ABC7E4B0027BAF1 /* AppDelegate.m */; };
		33F496D71ABC7E4B0027BAF1 /* RootViewController.m in Sources */ = {isa = PBXBuildFile; fileRef = 33F496D61ABC7E4B0027BAF1 /* RootViewController.m */; };
		33F496DA1ABC7E4B0027BAF1 /* Main.storyboard in Resources */ = {isa = PBXBuildFile; fileRef = 33F496D81ABC7E4B0027BAF1 /* Main.storyboard */; };
		33F496DC1ABC7E4B0027BAF1 /* Images.xcassets in Resources */ = {isa = PBXBuildFile; fileRef = 33F496DB1ABC7E4B0027BAF1 /* Images.xcassets */; };
		33F496DF1ABC7E4B0027BAF1 /* LaunchScreen.xib in Resources */ = {isa = PBXBuildFile; fileRef = 33F496DD1ABC7E4B0027BAF1 /* LaunchScreen.xib */; };
		33F496EB1ABC7E4B0027BAF1 /* FavoriteCitiesTests.m in Sources */ = {isa = PBXBuildFile; fileRef = 33F496EA1ABC7E4B0027BAF1 /* FavoriteCitiesTests.m */; };
		33F496F61ABC7EE20027BAF1 /* City.m in Sources */ = {isa = PBXBuildFile; fileRef = 33F496F51ABC7EE20027BAF1 /* City.m */; };
		33F496F91ABC8C790027BAF1 /* DetailViewController.m in Sources */ = {isa = PBXBuildFile; fileRef = 33F496F81ABC8C790027BAF1 /* DetailViewController.m */; };
/* End PBXBuildFile section */

/* Begin PBXContainerItemProxy section */
		33F496E51ABC7E4B0027BAF1 /* PBXContainerItemProxy */ = {
			isa = PBXContainerItemProxy;
			containerPortal = 33F496C31ABC7E4B0027BAF1 /* Project object */;
			proxyType = 1;
			remoteGlobalIDString = 33F496CA1ABC7E4B0027BAF1;
			remoteInfo = FavoriteCities;
		};
/* End PBXContainerItemProxy section */

/* Begin PBXFileReference section */
		334F82B31ABC93A800718AD0 /* WikipediaViewController.h */ = {isa = PBXFileReference; fileEncoding = 4; lastKnownFileType = sourcecode.c.h; path = WikipediaViewController.h; sourceTree = "<group>"; };
		334F82B41ABC93A800718AD0 /* WikipediaViewController.m */ = {isa = PBXFileReference; fileEncoding = 4; lastKnownFileType = sourcecode.c.objc; path = WikipediaViewController.m; sourceTree = "<group>"; };
		33F496CB1ABC7E4B0027BAF1 /* FavoriteCities.app */ = {isa = PBXFileReference; explicitFileType = wrapper.application; includeInIndex = 0; path = FavoriteCities.app; sourceTree = BUILT_PRODUCTS_DIR; };
		33F496CF1ABC7E4B0027BAF1 /* Info.plist */ = {isa = PBXFileReference; lastKnownFileType = text.plist.xml; path = Info.plist; sourceTree = "<group>"; };
		33F496D01ABC7E4B0027BAF1 /* main.m */ = {isa = PBXFileReference; lastKnownFileType = sourcecode.c.objc; path = main.m; sourceTree = "<group>"; };
		33F496D21ABC7E4B0027BAF1 /* AppDelegate.h */ = {isa = PBXFileReference; lastKnownFileType = sourcecode.c.h; path = AppDelegate.h; sourceTree = "<group>"; };
		33F496D31ABC7E4B0027BAF1 /* AppDelegate.m */ = {isa = PBXFileReference; lastKnownFileType = sourcecode.c.objc; path = AppDelegate.m; sourceTree = "<group>"; };
		33F496D51ABC7E4B0027BAF1 /* RootViewController.h */ = {isa = PBXFileReference; lastKnownFileType = sourcecode.c.h; path = RootViewController.h; sourceTree = "<group>"; };
		33F496D61ABC7E4B0027BAF1 /* RootViewController.m */ = {isa = PBXFileReference; lastKnownFileType = sourcecode.c.objc; path = RootViewController.m; sourceTree = "<group>"; };
		33F496D91ABC7E4B0027BAF1 /* Base */ = {isa = PBXFileReference; lastKnownFileType = file.storyboard; name = Base; path = Base.lproj/Main.storyboard; sourceTree = "<group>"; };
		33F496DB1ABC7E4B0027BAF1 /* Images.xcassets */ = {isa = PBXFileReference; lastKnownFileType = folder.assetcatalog; path = Images.xcassets; sourceTree = "<group>"; };
		33F496DE1ABC7E4B0027BAF1 /* Base */ = {isa = PBXFileReference; lastKnownFileType = file.xib; name = Base; path = Base.lproj/LaunchScreen.xib; sourceTree = "<group>"; };
		33F496E41ABC7E4B0027BAF1 /* FavoriteCitiesTests.xctest */ = {isa = PBXFileReference; explicitFileType = wrapper.cfbundle; includeInIndex = 0; path = FavoriteCitiesTests.xctest; sourceTree = BUILT_PRODUCTS_DIR; };
		33F496E91ABC7E4B0027BAF1 /* Info.plist */ = {isa = PBXFileReference; lastKnownFileType = text.plist.xml; path = Info.plist; sourceTree = "<group>"; };
		33F496EA1ABC7E4B0027BAF1 /* FavoriteCitiesTests.m */ = {isa = PBXFileReference; lastKnownFileType = sourcecode.c.objc; path = FavoriteCitiesTests.m; sourceTree = "<group>"; };
		33F496F41ABC7EE20027BAF1 /* City.h */ = {isa = PBXFileReference; fileEncoding = 4; lastKnownFileType = sourcecode.c.h; path = City.h; sourceTree = "<group>"; };
		33F496F51ABC7EE20027BAF1 /* City.m */ = {isa = PBXFileReference; fileEncoding = 4; lastKnownFileType = sourcecode.c.objc; path = City.m; sourceTree = "<group>"; };
		33F496F71ABC8C790027BAF1 /* DetailViewController.h */ = {isa = PBXFileReference; fileEncoding = 4; lastKnownFileType = sourcecode.c.h; path = DetailViewController.h; sourceTree = "<group>"; };
		33F496F81ABC8C790027BAF1 /* DetailViewController.m */ = {isa = PBXFileReference; fileEncoding = 4; lastKnownFileType = sourcecode.c.objc; path = DetailViewController.m; sourceTree = "<group>"; };
/* End PBXFileReference section */

/* Begin PBXFrameworksBuildPhase section */
		33F496C81ABC7E4B0027BAF1 /* Frameworks */ = {
			isa = PBXFrameworksBuildPhase;
			buildActionMask = 2147483647;
			files = (
			);
			runOnlyForDeploymentPostprocessing = 0;
		};
		33F496E11ABC7E4B0027BAF1 /* Frameworks */ = {
			isa = PBXFrameworksBuildPhase;
			buildActionMask = 2147483647;
			files = (
			);
			runOnlyForDeploymentPostprocessing = 0;
		};
/* End PBXFrameworksBuildPhase section */

/* Begin PBXGroup section */
		33F496C21ABC7E4B0027BAF1 = {
			isa = PBXGroup;
			children = (
				33F496CD1ABC7E4B0027BAF1 /* FavoriteCities */,
				33F496E71ABC7E4B0027BAF1 /* FavoriteCitiesTests */,
				33F496CC1ABC7E4B0027BAF1 /* Products */,
			);
			sourceTree = "<group>";
		};
		33F496CC1ABC7E4B0027BAF1 /* Products */ = {
			isa = PBXGroup;
			children = (
				33F496CB1ABC7E4B0027BAF1 /* FavoriteCities.app */,
				33F496E41ABC7E4B0027BAF1 /* FavoriteCitiesTests.xctest */,
			);
			name = Products;
			sourceTree = "<group>";
		};
		33F496CD1ABC7E4B0027BAF1 /* FavoriteCities */ = {
			isa = PBXGroup;
			children = (
				33F496D21ABC7E4B0027BAF1 /* AppDelegate.h */,
				33F496D31ABC7E4B0027BAF1 /* AppDelegate.m */,
				33F496D51ABC7E4B0027BAF1 /* RootViewController.h */,
				33F496D61ABC7E4B0027BAF1 /* RootViewController.m */,
				33F496F41ABC7EE20027BAF1 /* City.h */,
				33F496F51ABC7EE20027BAF1 /* City.m */,
				33F496F71ABC8C790027BAF1 /* DetailViewController.h */,
				33F496F81ABC8C790027BAF1 /* DetailViewController.m */,
				334F82B31ABC93A800718AD0 /* WikipediaViewController.h */,
				334F82B41ABC93A800718AD0 /* WikipediaViewController.m */,
				33F496D81ABC7E4B0027BAF1 /* Main.storyboard */,
				33F496DB1ABC7E4B0027BAF1 /* Images.xcassets */,
				33F496DD1ABC7E4B0027BAF1 /* LaunchScreen.xib */,
				33F496CE1ABC7E4B0027BAF1 /* Supporting Files */,
			);
			path = FavoriteCities;
			sourceTree = "<group>";
		};
		33F496CE1ABC7E4B0027BAF1 /* Supporting Files */ = {
			isa = PBXGroup;
			children = (
				33F496CF1ABC7E4B0027BAF1 /* Info.plist */,
				33F496D01ABC7E4B0027BAF1 /* main.m */,
			);
			name = "Supporting Files";
			sourceTree = "<group>";
		};
		33F496E71ABC7E4B0027BAF1 /* FavoriteCitiesTests */ = {
			isa = PBXGroup;
			children = (
				33F496EA1ABC7E4B0027BAF1 /* FavoriteCitiesTests.m */,
				33F496E81ABC7E4B0027BAF1 /* Supporting Files */,
			);
			path = FavoriteCitiesTests;
			sourceTree = "<group>";
		};
		33F496E81ABC7E4B0027BAF1 /* Supporting Files */ = {
			isa = PBXGroup;
			children = (
				33F496E91ABC7E4B0027BAF1 /* Info.plist */,
			);
			name = "Supporting Files";
			sourceTree = "<group>";
		};
/* End PBXGroup section */

/* Begin PBXNativeTarget section */
		33F496CA1ABC7E4B0027BAF1 /* FavoriteCities */ = {
			isa = PBXNativeTarget;
			buildConfigurationList = 33F496EE1ABC7E4B0027BAF1 /* Build configuration list for PBXNativeTarget "FavoriteCities" */;
			buildPhases = (
				33F496C71ABC7E4B0027BAF1 /* Sources */,
				33F496C81ABC7E4B0027BAF1 /* Frameworks */,
				33F496C91ABC7E4B0027BAF1 /* Resources */,
			);
			buildRules = (
			);
			dependencies = (
			);
			name = FavoriteCities;
			productName = FavoriteCities;
			productReference = 33F496CB1ABC7E4B0027BAF1 /* FavoriteCities.app */;
			productType = "com.apple.product-type.application";
		};
		33F496E31ABC7E4B0027BAF1 /* FavoriteCitiesTests */ = {
			isa = PBXNativeTarget;
			buildConfigurationList = 33F496F11ABC7E4B0027BAF1 /* Build configuration list for PBXNativeTarget "FavoriteCitiesTests" */;
			buildPhases = (
				33F496E01ABC7E4B0027BAF1 /* Sources */,
				33F496E11ABC7E4B0027BAF1 /* Frameworks */,
				33F496E21ABC7E4B0027BAF1 /* Resources */,
			);
			buildRules = (
			);
			dependencies = (
				33F496E61ABC7E4B0027BAF1 /* PBXTargetDependency */,
			);
			name = FavoriteCitiesTests;
			productName = FavoriteCitiesTests;
			productReference = 33F496E41ABC7E4B0027BAF1 /* FavoriteCitiesTests.xctest */;
			productType = "com.apple.product-type.bundle.unit-test";
		};
/* End PBXNativeTarget section */

/* Begin PBXProject section */
		33F496C31ABC7E4B0027BAF1 /* Project object */ = {
			isa = PBXProject;
			attributes = {
				LastUpgradeCheck = 0620;
				ORGANIZATIONNAME = "Justin Haar";
				TargetAttributes = {
					33F496CA1ABC7E4B0027BAF1 = {
						CreatedOnToolsVersion = 6.2;
					};
					33F496E31ABC7E4B0027BAF1 = {
						CreatedOnToolsVersion = 6.2;
						TestTargetID = 33F496CA1ABC7E4B0027BAF1;
					};
				};
			};
			buildConfigurationList = 33F496C61ABC7E4B0027BAF1 /* Build configuration list for PBXProject "FavoriteCities" */;
			compatibilityVersion = "Xcode 3.2";
			developmentRegion = English;
			hasScannedForEncodings = 0;
			knownRegions = (
				en,
				Base,
			);
			mainGroup = 33F496C21ABC7E4B0027BAF1;
			productRefGroup = 33F496CC1ABC7E4B0027BAF1 /* Products */;
			projectDirPath = "";
			projectRoot = "";
			targets = (
				33F496CA1ABC7E4B0027BAF1 /* FavoriteCities */,
				33F496E31ABC7E4B0027BAF1 /* FavoriteCitiesTests */,
			);
		};
/* End PBXProject section */

/* Begin PBXResourcesBuildPhase section */
		33F496C91ABC7E4B0027BAF1 /* Resources */ = {
			isa = PBXResourcesBuildPhase;
			buildActionMask = 2147483647;
			files = (
				33F496DA1ABC7E4B0027BAF1 /* Main.storyboard in Resources */,
				33F496DF1ABC7E4B0027BAF1 /* LaunchScreen.xib in Resources */,
				33F496DC1ABC7E4B0027BAF1 /* Images.xcassets in Resources */,
			);
			runOnlyForDeploymentPostprocessing = 0;
		};
		33F496E21ABC7E4B0027BAF1 /* Resources */ = {
			isa = PBXResourcesBuildPhase;
			buildActionMask = 2147483647;
			files = (
			);
			runOnlyForDeploymentPostprocessing = 0;
		};
/* End PBXResourcesBuildPhase section */

/* Begin PBXSourcesBuildPhase section */
		33F496C71ABC7E4B0027BAF1 /* Sources */ = {
			isa = PBXSourcesBuildPhase;
			buildActionMask = 2147483647;
			files = (
				33F496F91ABC8C790027BAF1 /* DetailViewController.m in Sources */,
				33F496D71ABC7E4B0027BAF1 /* RootViewController.m in Sources */,
				33F496D41ABC7E4B0027BAF1 /* AppDelegate.m in Sources */,
				33F496F61ABC7EE20027BAF1 /* City.m in Sources */,
				334F82B51ABC93A800718AD0 /* WikipediaViewController.m in Sources */,
				33F496D11ABC7E4B0027BAF1 /* main.m in Sources */,
			);
			runOnlyForDeploymentPostprocessing = 0;
		};
		33F496E01ABC7E4B0027BAF1 /* Sources */ = {
			isa = PBXSourcesBuildPhase;
			buildActionMask = 2147483647;
			files = (
				33F496EB1ABC7E4B0027BAF1 /* FavoriteCitiesTests.m in Sources */,
			);
			runOnlyForDeploymentPostprocessing = 0;
		};
/* End PBXSourcesBuildPhase section */

/* Begin PBXTargetDependency section */
		33F496E61ABC7E4B0027BAF1 /* PBXTargetDependency */ = {
			isa = PBXTargetDependency;
			target = 33F496CA1ABC7E4B0027BAF1 /* FavoriteCities */;
			targetProxy = 33F496E51ABC7E4B0027BAF1 /* PBXContainerItemProxy */;
		};
/* End PBXTargetDependency section */

/* Begin PBXVariantGroup section */
		33F496D81ABC7E4B0027BAF1 /* Main.storyboard */ = {
			isa = PBXVariantGroup;
			children = (
				33F496D91ABC7E4B0027BAF1 /* Base */,
			);
			name = Main.storyboard;
			sourceTree = "<group>";
		};
		33F496DD1ABC7E4B0027BAF1 /* LaunchScreen.xib */ = {
			isa = PBXVariantGroup;
			children = (
				33F496DE1ABC7E4B0027BAF1 /* Base */,
			);
			name = LaunchScreen.xib;
			sourceTree = "<group>";
		};
/* End PBXVariantGroup section */

/* Begin XCBuildConfiguration section */
		33F496EC1ABC7E4B0027BAF1 /* Debug */ = {
			isa = XCBuildConfiguration;
			buildSettings = {
				ALWAYS_SEARCH_USER_PATHS = NO;
				CLANG_CXX_LANGUAGE_STANDARD = "gnu++0x";
				CLANG_CXX_LIBRARY = "libc++";
				CLANG_ENABLE_MODULES = YES;
				CLANG_ENABLE_OBJC_ARC = YES;
				CLANG_WARN_BOOL_CONVERSION = YES;
				CLANG_WARN_CONSTANT_CONVERSION = YES;
				CLANG_WARN_DIRECT_OBJC_ISA_USAGE = YES_ERROR;
				CLANG_WARN_EMPTY_BODY = YES;
				CLANG_WARN_ENUM_CONVERSION = YES;
				CLANG_WARN_INT_CONVERSION = YES;
				CLANG_WARN_OBJC_ROOT_CLASS = YES_ERROR;
				CLANG_WARN_UNREACHABLE_CODE = YES;
				CLANG_WARN__DUPLICATE_METHOD_MATCH = YES;
				"CODE_SIGN_IDENTITY[sdk=iphoneos*]" = "iPhone Developer";
				COPY_PHASE_STRIP = NO;
				ENABLE_STRICT_OBJC_MSGSEND = YES;
				GCC_C_LANGUAGE_STANDARD = gnu99;
				GCC_DYNAMIC_NO_PIC = NO;
				GCC_OPTIMIZATION_LEVEL = 0;
				GCC_PREPROCESSOR_DEFINITIONS = (
					"DEBUG=1",
					"$(inherited)",
				);
				GCC_SYMBOLS_PRIVATE_EXTERN = NO;
				GCC_WARN_64_TO_32_BIT_CONVERSION = YES;
				GCC_WARN_ABOUT_RETURN_TYPE = YES_ERROR;
				GCC_WARN_UNDECLARED_SELECTOR = YES;
				GCC_WARN_UNINITIALIZED_AUTOS = YES_AGGRESSIVE;
				GCC_WARN_UNUSED_FUNCTION = YES;
				GCC_WARN_UNUSED_VARIABLE = YES;
				IPHONEOS_DEPLOYMENT_TARGET = 8.2;
				MTL_ENABLE_DEBUG_INFO = YES;
				ONLY_ACTIVE_ARCH = YES;
				SDKROOT = iphoneos;
			};
			name = Debug;
		};
		33F496ED1ABC7E4B0027BAF1 /* Release */ = {
			isa = XCBuildConfiguration;
			buildSettings = {
				ALWAYS_SEARCH_USER_PATHS = NO;
				CLANG_CXX_LANGUAGE_STANDARD = "gnu++0x";
				CLANG_CXX_LIBRARY = "libc++";
				CLANG_ENABLE_MODULES = YES;
				CLANG_ENABLE_OBJC_ARC = YES;
				CLANG_WARN_BOOL_CONVERSION = YES;
				CLANG_WARN_CONSTANT_CONVERSION = YES;
				CLANG_WARN_DIRECT_OBJC_ISA_USAGE = YES_ERROR;
				CLANG_WARN_EMPTY_BODY = YES;
				CLANG_WARN_ENUM_CONVERSION = YES;
				CLANG_WARN_INT_CONVERSION = YES;
				CLANG_WARN_OBJC_ROOT_CLASS = YES_ERROR;
				CLANG_WARN_UNREACHABLE_CODE = YES;
				CLANG_WARN__DUPLICATE_METHOD_MATCH = YES;
				"CODE_SIGN_IDENTITY[sdk=iphoneos*]" = "iPhone Developer";
				COPY_PHASE_STRIP = NO;
				ENABLE_NS_ASSERTIONS = NO;
				ENABLE_STRICT_OBJC_MSGSEND = YES;
				GCC_C_LANGUAGE_STANDARD = gnu99;
				GCC_WARN_64_TO_32_BIT_CONVERSION = YES;
				GCC_WARN_ABOUT_RETURN_TYPE = YES_ERROR;
				GCC_WARN_UNDECLARED_SELECTOR = YES;
				GCC_WARN_UNINITIALIZED_AUTOS = YES_AGGRESSIVE;
				GCC_WARN_UNUSED_FUNCTION = YES;
				GCC_WARN_UNUSED_VARIABLE = YES;
				IPHONEOS_DEPLOYMENT_TARGET = 8.2;
				MTL_ENABLE_DEBUG_INFO = NO;
				SDKROOT = iphoneos;
				VALIDATE_PRODUCT = YES;
			};
			name = Release;
		};
		33F496EF1ABC7E4B0027BAF1 /* Debug */ = {
			isa = XCBuildConfiguration;
			buildSettings = {
				ASSETCATALOG_COMPILER_APPICON_NAME = AppIcon;
				INFOPLIST_FILE = FavoriteCities/Info.plist;
				LD_RUNPATH_SEARCH_PATHS = "$(inherited) @executable_path/Frameworks";
				PRODUCT_NAME = "$(TARGET_NAME)";
			};
			name = Debug;
		};
		33F496F01ABC7E4B0027BAF1 /* Release */ = {
			isa = XCBuildConfiguration;
			buildSettings = {
				ASSETCATALOG_COMPILER_APPICON_NAME = AppIcon;
				INFOPLIST_FILE = FavoriteCities/Info.plist;
				LD_RUNPATH_SEARCH_PATHS = "$(inherited) @executable_path/Frameworks";
				PRODUCT_NAME = "$(TARGET_NAME)";
			};
			name = Release;
		};
		33F496F21ABC7E4B0027BAF1 /* Debug */ = {
			isa = XCBuildConfiguration;
			buildSettings = {
				BUNDLE_LOADER = "$(TEST_HOST)";
				FRAMEWORK_SEARCH_PATHS = (
					"$(SDKROOT)/Developer/Library/Frameworks",
					"$(inherited)",
				);
				GCC_PREPROCESSOR_DEFINITIONS = (
					"DEBUG=1",
					"$(inherited)",
				);
				INFOPLIST_FILE = FavoriteCitiesTests/Info.plist;
				LD_RUNPATH_SEARCH_PATHS = "$(inherited) @executable_path/Frameworks @loader_path/Frameworks";
				PRODUCT_NAME = "$(TARGET_NAME)";
				TEST_HOST = "$(BUILT_PRODUCTS_DIR)/FavoriteCities.app/FavoriteCities";
			};
			name = Debug;
		};
		33F496F31ABC7E4B0027BAF1 /* Release */ = {
			isa = XCBuildConfiguration;
			buildSettings = {
				BUNDLE_LOADER = "$(TEST_HOST)";
				FRAMEWORK_SEARCH_PATHS = (
					"$(SDKROOT)/Developer/Library/Frameworks",
					"$(inherited)",
				);
				INFOPLIST_FILE = FavoriteCitiesTests/Info.plist;
				LD_RUNPATH_SEARCH_PATHS = "$(inherited) @executable_path/Frameworks @loader_path/Frameworks";
				PRODUCT_NAME = "$(TARGET_NAME)";
				TEST_HOST = "$(BUILT_PRODUCTS_DIR)/FavoriteCities.app/FavoriteCities";
			};
			name = Release;
		};
/* End XCBuildConfiguration section */

/* Begin XCConfigurationList section */
		33F496C61ABC7E4B0027BAF1 /* Build configuration list for PBXProject "FavoriteCities" */ = {
			isa = XCConfigurationList;
			buildConfigurations = (
				33F496EC1ABC7E4B0027BAF1 /* Debug */,
				33F496ED1ABC7E4B0027BAF1 /* Release */,
			);
			defaultConfigurationIsVisible = 0;
			defaultConfigurationName = Release;
		};
		33F496EE1ABC7E4B0027BAF1 /* Build configuration list for PBXNativeTarget "FavoriteCities" */ = {
			isa = XCConfigurationList;
			buildConfigurations = (
				33F496EF1ABC7E4B0027BAF1 /* Debug */,
				33F496F01ABC7E4B0027BAF1 /* Release */,
			);
			defaultConfigurationIsVisible = 0;
			defaultConfigurationName = Release;
		};
		33F496F11ABC7E4B0027BAF1 /* Build configuration list for PBXNativeTarget "FavoriteCitiesTests" */ = {
			isa = XCConfigurationList;
			buildConfigurations = (
				33F496F21ABC7E4B0027BAF1 /* Debug */,
				33F496F31ABC7E4B0027BAF1 /* Release */,
			);
			defaultConfigurationIsVisible = 0;
			defaultConfigurationName = Release;
		};
/* End XCConfigurationList section */
	};
	rootObject = 33F496C31ABC7E4B0027BAF1 /* Project object */;
}
